
Microsoft Visual Studio Solution File, Format Version 12.00
# Visual Studio Version 17
VisualStudioVersion = 17.1.32328.378
MinimumVisualStudioVersion = 10.0.40219.1
Project("{FAE04EC0-301F-11D3-BF4B-00C04F79EFBC}") = "CalculatorApp", "CalculatorApp\CalculatorApp.csproj", "{3B23D64E-48CF-4EAA-8E2F-DDA137ACC0FD}"
EndProject
Project("{FAE04EC0-301F-11D3-BF4B-00C04F79EFBC}") = "CalculatorWinForm", "CalculatorWinForm\CalculatorWinForm.csproj", "{A9B58F2E-1C55-4E4B-9E3B-0ADD7936234C}"
EndProject
Global
	GlobalSection(SolutionConfigurationPlatforms) = preSolution
		Debug|Any CPU = Debug|Any CPU
		Release|Any CPU = Release|Any CPU
	EndGlobalSection
	GlobalSection(ProjectConfigurationPlatforms) = postSolution
		{3B23D64E-48CF-4EAA-8E2F-DDA137ACC0FD}.Debug|Any CPU.ActiveCfg = Debug|Any CPU
		{3B23D64E-48CF-4EAA-8E2F-DDA137ACC0FD}.Debug|Any CPU.Build.0 = Debug|Any CPU
		{3B23D64E-48CF-4EAA-8E2F-DDA137ACC0FD}.Release|Any CPU.ActiveCfg = Release|Any CPU
		{3B23D64E-48CF-4EAA-8E2F-DDA137ACC0FD}.Release|Any CPU.Build.0 = Release|Any CPU
		{A9B58F2E-1C55-4E4B-9E3B-0ADD7936234C}.Debug|Any CPU.ActiveCfg = Debug|Any CPU
		{A9B58F2E-1C55-4E4B-9E3B-0ADD7936234C}.Debug|Any CPU.Build.0 = Debug|Any CPU
		{A9B58F2E-1C55-4E4B-9E3B-0ADD7936234C}.Release|Any CPU.ActiveCfg = Release|Any CPU
		{A9B58F2E-1C55-4E4B-9E3B-0ADD7936234C}.Release|Any CPU.Build.0 = Release|Any CPU
	EndGlobalSection
	GlobalSection(SolutionProperties) = preSolution
		HideSolutionNode = FALSE
	EndGlobalSection
	GlobalSection(ExtensibilityGlobals) = postSolution
		SolutionGuid = {42CC2987-FB60-422C-AA60-28A11EDBA96A}
	EndGlobalSection
EndGlobal
